
Microsoft Visual Studio Solution File, Format Version 12.00
# Visual Studio Version 16
VisualStudioVersion = 16.0.31005.135
MinimumVisualStudioVersion = 10.0.40219.1
Project("{FAE04EC0-301F-11D3-BF4B-00C04F79EFBC}") = "CraftingHotkey", "CraftingHotkey.csproj", "{C51FB8B6-3D53-4ED9-A340-CAB2215DE3B9}"
EndProject
Global
	GlobalSection(SolutionConfigurationPlatforms) = preSolution
		Debug|Any CPU = Debug|Any CPU
		Release|Any CPU = Release|Any CPU
	EndGlobalSection
	GlobalSection(ProjectConfigurationPlatforms) = postSolution
		{C51FB8B6-3D53-4ED9-A340-CAB2215DE3B9}.Debug|Any CPU.ActiveCfg = Debug|Any CPU
		{C51FB8B6-3D53-4ED9-A340-CAB2215DE3B9}.Debug|Any CPU.Build.0 = Debug|Any CPU
		{C51FB8B6-3D53-4ED9-A340-CAB2215DE3B9}.Release|Any CPU.ActiveCfg = Release|Any CPU
		{C51FB8B6-3D53-4ED9-A340-CAB2215DE3B9}.Release|Any CPU.Build.0 = Release|Any CPU
	EndGlobalSection
	GlobalSection(SolutionProperties) = preSolution
		HideSolutionNode = FALSE
	EndGlobalSection
	GlobalSection(ExtensibilityGlobals) = postSolution
		SolutionGuid = {B3CDE623-FA54-4EA3-A08E-EA74CF495C54}
	EndGlobalSection
EndGlobal
